
Microsoft Visual Studio Solution File, Format Version 12.00
# Visual Studio 15
VisualStudioVersion = 15.0.28010.2046
MinimumVisualStudioVersion = 10.0.40219.1
Project("{FAE04EC0-301F-11D3-BF4B-00C04F79EFBC}") = "FlowMonitoringInsp", "FlowMonitoringInsp\FlowMonitoringInsp.csproj", "{931B1D87-6088-4D37-9378-B367A85C3BDC}"
EndProject
Global
	GlobalSection(SolutionConfigurationPlatforms) = preSolution
		Debug|Any CPU = Debug|Any CPU
		Release|Any CPU = Release|Any CPU
	EndGlobalSection
	GlobalSection(ProjectConfigurationPlatforms) = postSolution
		{931B1D87-6088-4D37-9378-B367A85C3BDC}.Debug|Any CPU.ActiveCfg = Debug|Any CPU
		{931B1D87-6088-4D37-9378-B367A85C3BDC}.Debug|Any CPU.Build.0 = Debug|Any CPU
		{931B1D87-6088-4D37-9378-B367A85C3BDC}.Release|Any CPU.ActiveCfg = Release|Any CPU
		{931B1D87-6088-4D37-9378-B367A85C3BDC}.Release|Any CPU.Build.0 = Release|Any CPU
	EndGlobalSection
	GlobalSection(SolutionProperties) = preSolution
		HideSolutionNode = FALSE
	EndGlobalSection
	GlobalSection(ExtensibilityGlobals) = postSolution
		SolutionGuid = {E7AC9685-C678-471A-B983-2BEA67DA7EB8}
	EndGlobalSection
EndGlobal
